
Microsoft Visual Studio Solution File, Format Version 12.00
# Visual Studio Version 16
VisualStudioVersion = 16.0.31025.194
MinimumVisualStudioVersion = 10.0.40219.1
Project("{FAE04EC0-301F-11D3-BF4B-00C04F79EFBC}") = "PeopleStoreApp.Android", "PeopleStoreApp\PeopleStoreApp.Android\PeopleStoreApp.Android.csproj", "{71B3AADE-47B4-4454-BB97-C2EF539E528F}"
EndProject
Project("{FAE04EC0-301F-11D3-BF4B-00C04F79EFBC}") = "PeopleStoreApp", "PeopleStoreApp\PeopleStoreApp\PeopleStoreApp.csproj", "{F30BD149-3191-4B7E-AC83-9C755B138531}"
EndProject
Project("{FAE04EC0-301F-11D3-BF4B-00C04F79EFBC}") = "PeopleStoreApp.DataContracts", "PeopleStoreApp.DataContracts\PeopleStoreApp.DataContracts.csproj", "{BB1A3597-AD1B-4D71-981A-1FD82913F1EF}"
EndProject
Project("{FAE04EC0-301F-11D3-BF4B-00C04F79EFBC}") = "PeopleStoreApp.Web", "PeopleStoreApp.Web\PeopleStoreApp.Web.csproj", "{A669FD9D-2F49-4A92-A853-610725A52EE9}"
EndProject
Global
	GlobalSection(SolutionConfigurationPlatforms) = preSolution
		Debug|Any CPU = Debug|Any CPU
		Release|Any CPU = Release|Any CPU
	EndGlobalSection
	GlobalSection(ProjectConfigurationPlatforms) = postSolution
		{71B3AADE-47B4-4454-BB97-C2EF539E528F}.Debug|Any CPU.ActiveCfg = Debug|Any CPU
		{71B3AADE-47B4-4454-BB97-C2EF539E528F}.Debug|Any CPU.Build.0 = Debug|Any CPU
		{71B3AADE-47B4-4454-BB97-C2EF539E528F}.Debug|Any CPU.Deploy.0 = Debug|Any CPU
		{71B3AADE-47B4-4454-BB97-C2EF539E528F}.Release|Any CPU.ActiveCfg = Release|Any CPU
		{71B3AADE-47B4-4454-BB97-C2EF539E528F}.Release|Any CPU.Build.0 = Release|Any CPU
		{71B3AADE-47B4-4454-BB97-C2EF539E528F}.Release|Any CPU.Deploy.0 = Release|Any CPU
		{F30BD149-3191-4B7E-AC83-9C755B138531}.Debug|Any CPU.ActiveCfg = Debug|Any CPU
		{F30BD149-3191-4B7E-AC83-9C755B138531}.Debug|Any CPU.Build.0 = Debug|Any CPU
		{F30BD149-3191-4B7E-AC83-9C755B138531}.Debug|Any CPU.Deploy.0 = Debug|Any CPU
		{F30BD149-3191-4B7E-AC83-9C755B138531}.Release|Any CPU.ActiveCfg = Release|Any CPU
		{F30BD149-3191-4B7E-AC83-9C755B138531}.Release|Any CPU.Build.0 = Release|Any CPU
		{F30BD149-3191-4B7E-AC83-9C755B138531}.Release|Any CPU.Deploy.0 = Release|Any CPU
		{BB1A3597-AD1B-4D71-981A-1FD82913F1EF}.Debug|Any CPU.ActiveCfg = Debug|Any CPU
		{BB1A3597-AD1B-4D71-981A-1FD82913F1EF}.Debug|Any CPU.Build.0 = Debug|Any CPU
		{BB1A3597-AD1B-4D71-981A-1FD82913F1EF}.Release|Any CPU.ActiveCfg = Release|Any CPU
		{BB1A3597-AD1B-4D71-981A-1FD82913F1EF}.Release|Any CPU.Build.0 = Release|Any CPU
		{A669FD9D-2F49-4A92-A853-610725A52EE9}.Debug|Any CPU.ActiveCfg = Debug|Any CPU
		{A669FD9D-2F49-4A92-A853-610725A52EE9}.Debug|Any CPU.Build.0 = Debug|Any CPU
		{A669FD9D-2F49-4A92-A853-610725A52EE9}.Release|Any CPU.ActiveCfg = Release|Any CPU
		{A669FD9D-2F49-4A92-A853-610725A52EE9}.Release|Any CPU.Build.0 = Release|Any CPU
	EndGlobalSection
	GlobalSection(SolutionProperties) = preSolution
		HideSolutionNode = FALSE
	EndGlobalSection
	GlobalSection(ExtensibilityGlobals) = postSolution
		SolutionGuid = {4C6C0C81-ABC3-4311-BBC1-E34CCB2AA3F9}
	EndGlobalSection
EndGlobal
