
Microsoft Visual Studio Solution File, Format Version 12.00
# Visual Studio Version 16
VisualStudioVersion = 16.0.31025.194
MinimumVisualStudioVersion = 10.0.40219.1
Project("{FAE04EC0-301F-11D3-BF4B-00C04F79EFBC}") = "PeopleWebApi", "PeopleWebApi\PeopleWebApi.csproj", "{C41196AF-60B9-474E-9F27-557CC4BA5BA9}"
EndProject
Global
	GlobalSection(SolutionConfigurationPlatforms) = preSolution
		Debug|Any CPU = Debug|Any CPU
		Release|Any CPU = Release|Any CPU
	EndGlobalSection
	GlobalSection(ProjectConfigurationPlatforms) = postSolution
		{C41196AF-60B9-474E-9F27-557CC4BA5BA9}.Debug|Any CPU.ActiveCfg = Debug|Any CPU
		{C41196AF-60B9-474E-9F27-557CC4BA5BA9}.Debug|Any CPU.Build.0 = Debug|Any CPU
		{C41196AF-60B9-474E-9F27-557CC4BA5BA9}.Release|Any CPU.ActiveCfg = Release|Any CPU
		{C41196AF-60B9-474E-9F27-557CC4BA5BA9}.Release|Any CPU.Build.0 = Release|Any CPU
	EndGlobalSection
	GlobalSection(SolutionProperties) = preSolution
		HideSolutionNode = FALSE
	EndGlobalSection
	GlobalSection(ExtensibilityGlobals) = postSolution
		SolutionGuid = {D969A1F5-52C1-4F7E-A2EE-E596DE752EC9}
	EndGlobalSection
EndGlobal
